
Microsoft Visual Studio Solution File, Format Version 12.00
# Visual Studio 15
VisualStudioVersion = 15.0.28010.2016
MinimumVisualStudioVersion = 10.0.40219.1
Project("{FAE04EC0-301F-11D3-BF4B-00C04F79EFBC}") = "NLogTest", "NLogTest\NLogTest.csproj", "{0F877138-2897-40EC-9743-31C73FEB38AB}"
EndProject
Global
	GlobalSection(SolutionConfigurationPlatforms) = preSolution
		Debug|Any CPU = Debug|Any CPU
		Release|Any CPU = Release|Any CPU
	EndGlobalSection
	GlobalSection(ProjectConfigurationPlatforms) = postSolution
		{0F877138-2897-40EC-9743-31C73FEB38AB}.Debug|Any CPU.ActiveCfg = Debug|Any CPU
		{0F877138-2897-40EC-9743-31C73FEB38AB}.Debug|Any CPU.Build.0 = Debug|Any CPU
		{0F877138-2897-40EC-9743-31C73FEB38AB}.Release|Any CPU.ActiveCfg = Release|Any CPU
		{0F877138-2897-40EC-9743-31C73FEB38AB}.Release|Any CPU.Build.0 = Release|Any CPU
	EndGlobalSection
	GlobalSection(SolutionProperties) = preSolution
		HideSolutionNode = FALSE
	EndGlobalSection
	GlobalSection(ExtensibilityGlobals) = postSolution
		SolutionGuid = {5A0328BA-5FD1-4456-B570-9371BBD4348E}
	EndGlobalSection
EndGlobal
